// !$*UTF8*$!
{
	archiveVersion = 1;
	classes = {
	};
	objectVersion = 46;
	objects = {

/* Begin PBXBuildFile section */
		1A46C9711E93819F0095A2CF /* AppDelegate.swift in Sources */ = {isa = PBXBuildFile; fileRef = 1A46C9701E93819F0095A2CF /* AppDelegate.swift */; };
		1A46C9731E93819F0095A2CF /* ViewController.swift in Sources */ = {isa = PBXBuildFile; fileRef = 1A46C9721E93819F0095A2CF /* ViewController.swift */; };
		1A46C9761E93819F0095A2CF /* Main.storyboard in Resources */ = {isa = PBXBuildFile; fileRef = 1A46C9741E93819F0095A2CF /* Main.storyboard */; };
		1A46C9781E93819F0095A2CF /* Assets.xcassets in Resources */ = {isa = PBXBuildFile; fileRef = 1A46C9771E93819F0095A2CF /* Assets.xcassets */; };
		1A46C97B1E93819F0095A2CF /* LaunchScreen.storyboard in Resources */ = {isa = PBXBuildFile; fileRef = 1A46C9791E93819F0095A2CF /* LaunchScreen.storyboard */; };
		1A46C9881E938ED90095A2CF /* GoogleService-Info.plist in Resources */ = {isa = PBXBuildFile; fileRef = 1A46C9871E938ED90095A2CF /* GoogleService-Info.plist */; };
		1A46C98D1E938FD50095A2CF /* Post.swift in Sources */ = {isa = PBXBuildFile; fileRef = 1A46C98B1E938FD50095A2CF /* Post.swift */; };
		1A46C98E1E938FD50095A2CF /* User.swift in Sources */ = {isa = PBXBuildFile; fileRef = 1A46C98C1E938FD50095A2CF /* User.swift */; };
		1A46C9911E938FF90095A2CF /* SignUpViewController.swift in Sources */ = {isa = PBXBuildFile; fileRef = 1A46C98F1E938FF90095A2CF /* SignUpViewController.swift */; };
		1A46C9921E938FF90095A2CF /* LoginViewController.swift in Sources */ = {isa = PBXBuildFile; fileRef = 1A46C9901E938FF90095A2CF /* LoginViewController.swift */; };
		1A46C9951E9390520095A2CF /* NewPostViewController.swift in Sources */ = {isa = PBXBuildFile; fileRef = 1A46C9931E9390520095A2CF /* NewPostViewController.swift */; };
		1A46C9961E9390520095A2CF /* BusinessSettingsViewController.swift in Sources */ = {isa = PBXBuildFile; fileRef = 1A46C9941E9390520095A2CF /* BusinessSettingsViewController.swift */; };
		1A46C99B1E9390720095A2CF /* UserProfileViewController.swift in Sources */ = {isa = PBXBuildFile; fileRef = 1A46C9971E9390720095A2CF /* UserProfileViewController.swift */; };
		1A46C99C1E9390720095A2CF /* TabBarController.swift in Sources */ = {isa = PBXBuildFile; fileRef = 1A46C9981E9390720095A2CF /* TabBarController.swift */; };
		1A46C99D1E9390720095A2CF /* FeedUserViewController.swift in Sources */ = {isa = PBXBuildFile; fileRef = 1A46C9991E9390720095A2CF /* FeedUserViewController.swift */; };
		1A46C99E1E9390720095A2CF /* FeedUserCollectionViewCell.swift in Sources */ = {isa = PBXBuildFile; fileRef = 1A46C99A1E9390720095A2CF /* FeedUserCollectionViewCell.swift */; };
		1A46C9A21E93907B0095A2CF /* ForOwnersViewController.swift in Sources */ = {isa = PBXBuildFile; fileRef = 1A46C99F1E93907B0095A2CF /* ForOwnersViewController.swift */; };
		1A46C9A31E93907B0095A2CF /* OwnerCollectionViewCell.swift in Sources */ = {isa = PBXBuildFile; fileRef = 1A46C9A01E93907B0095A2CF /* OwnerCollectionViewCell.swift */; };
		1A46C9A41E93907B0095A2CF /* OwnerSettingsViewController.swift in Sources */ = {isa = PBXBuildFile; fileRef = 1A46C9A11E93907B0095A2CF /* OwnerSettingsViewController.swift */; };
		1A46C9AE1E9393410095A2CF /* Delete_000000_50.png in Resources */ = {isa = PBXBuildFile; fileRef = 1A46C9A81E9393410095A2CF /* Delete_000000_50.png */; };
		1A46C9AF1E9393410095A2CF /* Delete_000000_25.png in Resources */ = {isa = PBXBuildFile; fileRef = 1A46C9A91E9393410095A2CF /* Delete_000000_25.png */; };
		1A46C9B01E9393410095A2CF /* delete-128.png in Resources */ = {isa = PBXBuildFile; fileRef = 1A46C9AA1E9393410095A2CF /* delete-128.png */; };
		1A46C9B11E9393410095A2CF /* close.png in Resources */ = {isa = PBXBuildFile; fileRef = 1A46C9AB1E9393410095A2CF /* close.png */; };
		1A46C9B21E9393410095A2CF /* profile_image.png in Resources */ = {isa = PBXBuildFile; fileRef = 1A46C9AC1E9393410095A2CF /* profile_image.png */; };
		1A46C9B31E9393410095A2CF /* block-island-map.png in Resources */ = {isa = PBXBuildFile; fileRef = 1A46C9AD1E9393410095A2CF /* block-island-map.png */; };
		1A46C9B51E93A1550095A2CF /* MyPostsViewController.swift in Sources */ = {isa = PBXBuildFile; fileRef = 1A46C9B41E93A1550095A2CF /* MyPostsViewController.swift */; };
		1A46C9B71E93A1730095A2CF /* BusinessCellCollectionViewCell.swift in Sources */ = {isa = PBXBuildFile; fileRef = 1A46C9B61E93A1730095A2CF /* BusinessCellCollectionViewCell.swift */; };
		1A46C9B91E93B9520095A2CF /* clipart-approved-business-stamp-1-a481.png in Resources */ = {isa = PBXBuildFile; fileRef = 1A46C9B81E93B9520095A2CF /* clipart-approved-business-stamp-1-a481.png */; };
		1A46C9BB1E9406D10095A2CF /* NewBusinessViewController.swift in Sources */ = {isa = PBXBuildFile; fileRef = 1A46C9BA1E9406D10095A2CF /* NewBusinessViewController.swift */; };
		1AE86DBC1E955DD200AC1D7E /* Close Window_000000_100.png in Resources */ = {isa = PBXBuildFile; fileRef = 1AE86DBB1E955DD200AC1D7E /* Close Window_000000_100.png */; };
		5333EC81F74B82EB54B5FC2D /* Pods_BlockIslandTodayGit.framework in Frameworks */ = {isa = PBXBuildFile; fileRef = 2D24053CC30B73C3637E6D53 /* Pods_BlockIslandTodayGit.framework */; };
/* End PBXBuildFile section */

/* Begin PBXFileReference section */
		1A46C96D1E93819F0095A2CF /* BlockIslandTodayGit.app */ = {isa = PBXFileReference; explicitFileType = wrapper.application; includeInIndex = 0; path = BlockIslandTodayGit.app; sourceTree = BUILT_PRODUCTS_DIR; };
		1A46C9701E93819F0095A2CF /* AppDelegate.swift */ = {isa = PBXFileReference; lastKnownFileType = sourcecode.swift; path = AppDelegate.swift; sourceTree = "<group>"; };
		1A46C9721E93819F0095A2CF /* ViewController.swift */ = {isa = PBXFileReference; lastKnownFileType = sourcecode.swift; path = ViewController.swift; sourceTree = "<group>"; };
		1A46C9751E93819F0095A2CF /* Base */ = {isa = PBXFileReference; lastKnownFileType = file.storyboard; name = Base; path = Base.lproj/Main.storyboard; sourceTree = "<group>"; };
		1A46C9771E93819F0095A2CF /* Assets.xcassets */ = {isa = PBXFileReference; lastKnownFileType = folder.assetcatalog; path = Assets.xcassets; sourceTree = "<group>"; };
		1A46C97A1E93819F0095A2CF /* Base */ = {isa = PBXFileReference; lastKnownFileType = file.storyboard; name = Base; path = Base.lproj/LaunchScreen.storyboard; sourceTree = "<group>"; };
		1A46C97C1E93819F0095A2CF /* Info.plist */ = {isa = PBXFileReference; lastKnownFileType = text.plist.xml; path = Info.plist; sourceTree = "<group>"; };
		1A46C9871E938ED90095A2CF /* GoogleService-Info.plist */ = {isa = PBXFileReference; fileEncoding = 4; lastKnownFileType = text.plist.xml; path = "GoogleService-Info.plist"; sourceTree = "<group>"; };
		1A46C98B1E938FD50095A2CF /* Post.swift */ = {isa = PBXFileReference; fileEncoding = 4; lastKnownFileType = sourcecode.swift; path = Post.swift; sourceTree = "<group>"; };
		1A46C98C1E938FD50095A2CF /* User.swift */ = {isa = PBXFileReference; fileEncoding = 4; lastKnownFileType = sourcecode.swift; path = User.swift; sourceTree = "<group>"; };
		1A46C98F1E938FF90095A2CF /* SignUpViewController.swift */ = {isa = PBXFileReference; fileEncoding = 4; lastKnownFileType = sourcecode.swift; path = SignUpViewController.swift; sourceTree = "<group>"; };
		1A46C9901E938FF90095A2CF /* LoginViewController.swift */ = {isa = PBXFileReference; fileEncoding = 4; lastKnownFileType = sourcecode.swift; path = LoginViewController.swift; sourceTree = "<group>"; };
		1A46C9931E9390520095A2CF /* NewPostViewController.swift */ = {isa = PBXFileReference; fileEncoding = 4; lastKnownFileType = sourcecode.swift; path = NewPostViewController.swift; sourceTree = "<group>"; };
		1A46C9941E9390520095A2CF /* BusinessSettingsViewController.swift */ = {isa = PBXFileReference; fileEncoding = 4; lastKnownFileType = sourcecode.swift; path = BusinessSettingsViewController.swift; sourceTree = "<group>"; };
		1A46C9971E9390720095A2CF /* UserProfileViewController.swift */ = {isa = PBXFileReference; fileEncoding = 4; lastKnownFileType = sourcecode.swift; path = UserProfileViewController.swift; sourceTree = "<group>"; };
		1A46C9981E9390720095A2CF /* TabBarController.swift */ = {isa = PBXFileReference; fileEncoding = 4; lastKnownFileType = sourcecode.swift; path = TabBarController.swift; sourceTree = "<group>"; };
		1A46C9991E9390720095A2CF /* FeedUserViewController.swift */ = {isa = PBXFileReference; fileEncoding = 4; lastKnownFileType = sourcecode.swift; path = FeedUserViewController.swift; sourceTree = "<group>"; };
		1A46C99A1E9390720095A2CF /* FeedUserCollectionViewCell.swift */ = {isa = PBXFileReference; fileEncoding = 4; lastKnownFileType = sourcecode.swift; path = FeedUserCollectionViewCell.swift; sourceTree = "<group>"; };
		1A46C99F1E93907B0095A2CF /* ForOwnersViewController.swift */ = {isa = PBXFileReference; fileEncoding = 4; lastKnownFileType = sourcecode.swift; path = ForOwnersViewController.swift; sourceTree = "<group>"; };
		1A46C9A01E93907B0095A2CF /* OwnerCollectionViewCell.swift */ = {isa = PBXFileReference; fileEncoding = 4; lastKnownFileType = sourcecode.swift; path = OwnerCollectionViewCell.swift; sourceTree = "<group>"; };
		1A46C9A11E93907B0095A2CF /* OwnerSettingsViewController.swift */ = {isa = PBXFileReference; fileEncoding = 4; lastKnownFileType = sourcecode.swift; path = OwnerSettingsViewController.swift; sourceTree = "<group>"; };
		1A46C9A81E9393410095A2CF /* Delete_000000_50.png */ = {isa = PBXFileReference; lastKnownFileType = image.png; path = Delete_000000_50.png; sourceTree = "<group>"; };
		1A46C9A91E9393410095A2CF /* Delete_000000_25.png */ = {isa = PBXFileReference; lastKnownFileType = image.png; path = Delete_000000_25.png; sourceTree = "<group>"; };
		1A46C9AA1E9393410095A2CF /* delete-128.png */ = {isa = PBXFileReference; lastKnownFileType = image.png; path = "delete-128.png"; sourceTree = "<group>"; };
		1A46C9AB1E9393410095A2CF /* close.png */ = {isa = PBXFileReference; lastKnownFileType = image.png; path = close.png; sourceTree = "<group>"; };
		1A46C9AC1E9393410095A2CF /* profile_image.png */ = {isa = PBXFileReference; lastKnownFileType = image.png; path = profile_image.png; sourceTree = "<group>"; };
		1A46C9AD1E9393410095A2CF /* block-island-map.png */ = {isa = PBXFileReference; lastKnownFileType = image.png; path = "block-island-map.png"; sourceTree = "<group>"; };
		1A46C9B41E93A1550095A2CF /* MyPostsViewController.swift */ = {isa = PBXFileReference; fileEncoding = 4; lastKnownFileType = sourcecode.swift; path = MyPostsViewController.swift; sourceTree = "<group>"; };
		1A46C9B61E93A1730095A2CF /* BusinessCellCollectionViewCell.swift */ = {isa = PBXFileReference; fileEncoding = 4; lastKnownFileType = sourcecode.swift; path = BusinessCellCollectionViewCell.swift; sourceTree = "<group>"; };
		1A46C9B81E93B9520095A2CF /* clipart-approved-business-stamp-1-a481.png */ = {isa = PBXFileReference; lastKnownFileType = image.png; path = "clipart-approved-business-stamp-1-a481.png"; sourceTree = "<group>"; };
		1A46C9BA1E9406D10095A2CF /* NewBusinessViewController.swift */ = {isa = PBXFileReference; fileEncoding = 4; lastKnownFileType = sourcecode.swift; path = NewBusinessViewController.swift; sourceTree = "<group>"; };
		1AE86DBB1E955DD200AC1D7E /* Close Window_000000_100.png */ = {isa = PBXFileReference; lastKnownFileType = image.png; path = "Close Window_000000_100.png"; sourceTree = "<group>"; };
		2D24053CC30B73C3637E6D53 /* Pods_BlockIslandTodayGit.framework */ = {isa = PBXFileReference; explicitFileType = wrapper.framework; includeInIndex = 0; path = Pods_BlockIslandTodayGit.framework; sourceTree = BUILT_PRODUCTS_DIR; };
		8D679FE97FFF91136D1651A8 /* Pods-BlockIslandTodayGit.debug.xcconfig */ = {isa = PBXFileReference; includeInIndex = 1; lastKnownFileType = text.xcconfig; name = "Pods-BlockIslandTodayGit.debug.xcconfig"; path = "Pods/Target Support Files/Pods-BlockIslandTodayGit/Pods-BlockIslandTodayGit.debug.xcconfig"; sourceTree = "<group>"; };
		B0B3FD6E127B60CBDEBFBF8B /* Pods-BlockIslandTodayGit.release.xcconfig */ = {isa = PBXFileReference; includeInIndex = 1; lastKnownFileType = text.xcconfig; name = "Pods-BlockIslandTodayGit.release.xcconfig"; path = "Pods/Target Support Files/Pods-BlockIslandTodayGit/Pods-BlockIslandTodayGit.release.xcconfig"; sourceTree = "<group>"; };
/* End PBXFileReference section */

/* Begin PBXFrameworksBuildPhase section */
		1A46C96A1E93819F0095A2CF /* Frameworks */ = {
			isa = PBXFrameworksBuildPhase;
			buildActionMask = 2147483647;
			files = (
				5333EC81F74B82EB54B5FC2D /* Pods_BlockIslandTodayGit.framework in Frameworks */,
			);
			runOnlyForDeploymentPostprocessing = 0;
		};
/* End PBXFrameworksBuildPhase section */

/* Begin PBXGroup section */
		1A46C9641E93819F0095A2CF = {
			isa = PBXGroup;
			children = (
				1A46C96F1E93819F0095A2CF /* BlockIslandTodayGit */,
				1A46C96E1E93819F0095A2CF /* Products */,
				CECEA079698BDD51B5F10167 /* Pods */,
				598898EFCC3515892960223B /* Frameworks */,
			);
			sourceTree = "<group>";
		};
		1A46C96E1E93819F0095A2CF /* Products */ = {
			isa = PBXGroup;
			children = (
				1A46C96D1E93819F0095A2CF /* BlockIslandTodayGit.app */,
			);
			name = Products;
			sourceTree = "<group>";
		};
		1A46C96F1E93819F0095A2CF /* BlockIslandTodayGit */ = {
			isa = PBXGroup;
			children = (
				1A46C98A1E938FC90095A2CF /* Models */,
				1A46C9891E938F630095A2CF /* SignUp/LogIn */,
				1A46C9861E938E2D0095A2CF /* Administrator */,
				1A46C9851E938E260095A2CF /* Users */,
				1A46C9821E9383EA0095A2CF /* Business */,
				1A46C9701E93819F0095A2CF /* AppDelegate.swift */,
				1A46C9721E93819F0095A2CF /* ViewController.swift */,
				1A46C9741E93819F0095A2CF /* Main.storyboard */,
				1A46C9771E93819F0095A2CF /* Assets.xcassets */,
				1A46C9A71E9393240095A2CF /* Assets */,
				1A46C9791E93819F0095A2CF /* LaunchScreen.storyboard */,
				1A46C97C1E93819F0095A2CF /* Info.plist */,
				1A46C9871E938ED90095A2CF /* GoogleService-Info.plist */,
			);
			path = BlockIslandTodayGit;
			sourceTree = "<group>";
		};
		1A46C9821E9383EA0095A2CF /* Business */ = {
			isa = PBXGroup;
			children = (
				1A46C9931E9390520095A2CF /* NewPostViewController.swift */,
				1A46C9941E9390520095A2CF /* BusinessSettingsViewController.swift */,
				1A46C9B41E93A1550095A2CF /* MyPostsViewController.swift */,
				1A46C9B61E93A1730095A2CF /* BusinessCellCollectionViewCell.swift */,
			);
			name = Business;
			sourceTree = "<group>";
		};
		1A46C9851E938E260095A2CF /* Users */ = {
			isa = PBXGroup;
			children = (
				1A46C9971E9390720095A2CF /* UserProfileViewController.swift */,
				1A46C9981E9390720095A2CF /* TabBarController.swift */,
				1A46C9991E9390720095A2CF /* FeedUserViewController.swift */,
				1A46C99A1E9390720095A2CF /* FeedUserCollectionViewCell.swift */,
			);
			name = Users;
			sourceTree = "<group>";
		};
		1A46C9861E938E2D0095A2CF /* Administrator */ = {
			isa = PBXGroup;
			children = (
				1A46C99F1E93907B0095A2CF /* ForOwnersViewController.swift */,
				1A46C9A01E93907B0095A2CF /* OwnerCollectionViewCell.swift */,
				1A46C9A11E93907B0095A2CF /* OwnerSettingsViewController.swift */,
				1A46C9BA1E9406D10095A2CF /* NewBusinessViewController.swift */,
			);
			name = Administrator;
			sourceTree = "<group>";
		};
		1A46C9891E938F630095A2CF /* SignUp/LogIn */ = {
			isa = PBXGroup;
			children = (
				1A46C98F1E938FF90095A2CF /* SignUpViewController.swift */,
				1A46C9901E938FF90095A2CF /* LoginViewController.swift */,
			);
			name = SignUp/LogIn;
			sourceTree = "<group>";
		};
		1A46C98A1E938FC90095A2CF /* Models */ = {
			isa = PBXGroup;
			children = (
				1A46C98B1E938FD50095A2CF /* Post.swift */,
				1A46C98C1E938FD50095A2CF /* User.swift */,
			);
			name = Models;
			sourceTree = "<group>";
		};
		1A46C9A71E9393240095A2CF /* Assets */ = {
			isa = PBXGroup;
			children = (
				1AE86DBB1E955DD200AC1D7E /* Close Window_000000_100.png */,
				1A46C9B81E93B9520095A2CF /* clipart-approved-business-stamp-1-a481.png */,
				1A46C9A81E9393410095A2CF /* Delete_000000_50.png */,
				1A46C9A91E9393410095A2CF /* Delete_000000_25.png */,
				1A46C9AA1E9393410095A2CF /* delete-128.png */,
				1A46C9AB1E9393410095A2CF /* close.png */,
				1A46C9AC1E9393410095A2CF /* profile_image.png */,
				1A46C9AD1E9393410095A2CF /* block-island-map.png */,
			);
			name = Assets;
			sourceTree = "<group>";
		};
		598898EFCC3515892960223B /* Frameworks */ = {
			isa = PBXGroup;
			children = (
				2D24053CC30B73C3637E6D53 /* Pods_BlockIslandTodayGit.framework */,
			);
			name = Frameworks;
			sourceTree = "<group>";
		};
		CECEA079698BDD51B5F10167 /* Pods */ = {
			isa = PBXGroup;
			children = (
				8D679FE97FFF91136D1651A8 /* Pods-BlockIslandTodayGit.debug.xcconfig */,
				B0B3FD6E127B60CBDEBFBF8B /* Pods-BlockIslandTodayGit.release.xcconfig */,
			);
			name = Pods;
			sourceTree = "<group>";
		};
/* End PBXGroup section */

/* Begin PBXNativeTarget section */
		1A46C96C1E93819F0095A2CF /* BlockIslandTodayGit */ = {
			isa = PBXNativeTarget;
			buildConfigurationList = 1A46C97F1E93819F0095A2CF /* Build configuration list for PBXNativeTarget "BlockIslandTodayGit" */;
			buildPhases = (
				DB613CAD18ED4D73CF0BC9A4 /* [CP] Check Pods Manifest.lock */,
				1A46C9691E93819F0095A2CF /* Sources */,
				1A46C96A1E93819F0095A2CF /* Frameworks */,
				1A46C96B1E93819F0095A2CF /* Resources */,
				DE734CC1B6A5A00C44862566 /* [CP] Embed Pods Frameworks */,
				4149816CD7A604EA0C8C600B /* [CP] Copy Pods Resources */,
			);
			buildRules = (
			);
			dependencies = (
			);
			name = BlockIslandTodayGit;
			productName = BlockIslandTodayGit;
			productReference = 1A46C96D1E93819F0095A2CF /* BlockIslandTodayGit.app */;
			productType = "com.apple.product-type.application";
		};
/* End PBXNativeTarget section */

/* Begin PBXProject section */
		1A46C9651E93819F0095A2CF /* Project object */ = {
			isa = PBXProject;
			attributes = {
				LastSwiftUpdateCheck = 0830;
				LastUpgradeCheck = 0830;
				ORGANIZATIONNAME = "Roman Dzhugan";
				TargetAttributes = {
					1A46C96C1E93819F0095A2CF = {
						CreatedOnToolsVersion = 8.3;
						DevelopmentTeam = XAWKT48TVZ;
						ProvisioningStyle = Automatic;
					};
				};
			};
			buildConfigurationList = 1A46C9681E93819F0095A2CF /* Build configuration list for PBXProject "BlockIslandTodayGit" */;
			compatibilityVersion = "Xcode 3.2";
			developmentRegion = English;
			hasScannedForEncodings = 0;
			knownRegions = (
				en,
				Base,
			);
			mainGroup = 1A46C9641E93819F0095A2CF;
			productRefGroup = 1A46C96E1E93819F0095A2CF /* Products */;
			projectDirPath = "";
			projectRoot = "";
			targets = (
				1A46C96C1E93819F0095A2CF /* BlockIslandTodayGit */,
			);
		};
/* End PBXProject section */

/* Begin PBXResourcesBuildPhase section */
		1A46C96B1E93819F0095A2CF /* Resources */ = {
			isa = PBXResourcesBuildPhase;
			buildActionMask = 2147483647;
			files = (
				1A46C97B1E93819F0095A2CF /* LaunchScreen.storyboard in Resources */,
				1A46C9B21E9393410095A2CF /* profile_image.png in Resources */,
				1A46C9AF1E9393410095A2CF /* Delete_000000_25.png in Resources */,
				1A46C9B11E9393410095A2CF /* close.png in Resources */,
				1A46C9B91E93B9520095A2CF /* clipart-approved-business-stamp-1-a481.png in Resources */,
				1A46C9B01E9393410095A2CF /* delete-128.png in Resources */,
				1A46C9B31E9393410095A2CF /* block-island-map.png in Resources */,
				1A46C9781E93819F0095A2CF /* Assets.xcassets in Resources */,
				1A46C9881E938ED90095A2CF /* GoogleService-Info.plist in Resources */,
				1A46C9761E93819F0095A2CF /* Main.storyboard in Resources */,
				1A46C9AE1E9393410095A2CF /* Delete_000000_50.png in Resources */,
				1AE86DBC1E955DD200AC1D7E /* Close Window_000000_100.png in Resources */,
			);
			runOnlyForDeploymentPostprocessing = 0;
		};
/* End PBXResourcesBuildPhase section */

/* Begin PBXShellScriptBuildPhase section */
		4149816CD7A604EA0C8C600B /* [CP] Copy Pods Resources */ = {
			isa = PBXShellScriptBuildPhase;
			buildActionMask = 2147483647;
			files = (
			);
			inputPaths = (
			);
			name = "[CP] Copy Pods Resources";
			outputPaths = (
			);
			runOnlyForDeploymentPostprocessing = 0;
			shellPath = /bin/sh;
			shellScript = "\"${SRCROOT}/Pods/Target Support Files/Pods-BlockIslandTodayGit/Pods-BlockIslandTodayGit-resources.sh\"\n";
			showEnvVarsInLog = 0;
		};
		DB613CAD18ED4D73CF0BC9A4 /* [CP] Check Pods Manifest.lock */ = {
			isa = PBXShellScriptBuildPhase;
			buildActionMask = 2147483647;
			files = (
			);
			inputPaths = (
			);
			name = "[CP] Check Pods Manifest.lock";
			outputPaths = (
			);
			runOnlyForDeploymentPostprocessing = 0;
			shellPath = /bin/sh;
			shellScript = "diff \"${PODS_PODFILE_DIR_PATH}/Podfile.lock\" \"${PODS_ROOT}/Manifest.lock\" > /dev/null\nif [ $? != 0 ] ; then\n    # print error to STDERR\n    echo \"error: The sandbox is not in sync with the Podfile.lock. Run 'pod install' or update your CocoaPods installation.\" >&2\n    exit 1\nfi\n";
			showEnvVarsInLog = 0;
		};
		DE734CC1B6A5A00C44862566 /* [CP] Embed Pods Frameworks */ = {
			isa = PBXShellScriptBuildPhase;
			buildActionMask = 2147483647;
			files = (
			);
			inputPaths = (
			);
			name = "[CP] Embed Pods Frameworks";
			outputPaths = (
			);
			runOnlyForDeploymentPostprocessing = 0;
			shellPath = /bin/sh;
			shellScript = "\"${SRCROOT}/Pods/Target Support Files/Pods-BlockIslandTodayGit/Pods-BlockIslandTodayGit-frameworks.sh\"\n";
			showEnvVarsInLog = 0;
		};
/* End PBXShellScriptBuildPhase section */

/* Begin PBXSourcesBuildPhase section */
		1A46C9691E93819F0095A2CF /* Sources */ = {
			isa = PBXSourcesBuildPhase;
			buildActionMask = 2147483647;
			files = (
				1A46C9921E938FF90095A2CF /* LoginViewController.swift in Sources */,
				1A46C99B1E9390720095A2CF /* UserProfileViewController.swift in Sources */,
				1A46C9A21E93907B0095A2CF /* ForOwnersViewController.swift in Sources */,
				1A46C9BB1E9406D10095A2CF /* NewBusinessViewController.swift in Sources */,
				1A46C99C1E9390720095A2CF /* TabBarController.swift in Sources */,
				1A46C9B51E93A1550095A2CF /* MyPostsViewController.swift in Sources */,
				1A46C9961E9390520095A2CF /* BusinessSettingsViewController.swift in Sources */,
				1A46C9A41E93907B0095A2CF /* OwnerSettingsViewController.swift in Sources */,
				1A46C9911E938FF90095A2CF /* SignUpViewController.swift in Sources */,
				1A46C99D1E9390720095A2CF /* FeedUserViewController.swift in Sources */,
				1A46C9A31E93907B0095A2CF /* OwnerCollectionViewCell.swift in Sources */,
				1A46C9731E93819F0095A2CF /* ViewController.swift in Sources */,
				1A46C9711E93819F0095A2CF /* AppDelegate.swift in Sources */,
				1A46C9951E9390520095A2CF /* NewPostViewController.swift in Sources */,
				1A46C99E1E9390720095A2CF /* FeedUserCollectionViewCell.swift in Sources */,
				1A46C9B71E93A1730095A2CF /* BusinessCellCollectionViewCell.swift in Sources */,
				1A46C98E1E938FD50095A2CF /* User.swift in Sources */,
				1A46C98D1E938FD50095A2CF /* Post.swift in Sources */,
			);
			runOnlyForDeploymentPostprocessing = 0;
		};
/* End PBXSourcesBuildPhase section */

/* Begin PBXVariantGroup section */
		1A46C9741E93819F0095A2CF /* Main.storyboard */ = {
			isa = PBXVariantGroup;
			children = (
				1A46C9751E93819F0095A2CF /* Base */,
			);
			name = Main.storyboard;
			sourceTree = "<group>";
		};
		1A46C9791E93819F0095A2CF /* LaunchScreen.storyboard */ = {
			isa = PBXVariantGroup;
			children = (
				1A46C97A1E93819F0095A2CF /* Base */,
			);
			name = LaunchScreen.storyboard;
			sourceTree = "<group>";
		};
/* End PBXVariantGroup section */

/* Begin XCBuildConfiguration section */
		1A46C97D1E93819F0095A2CF /* Debug */ = {
			isa = XCBuildConfiguration;
			buildSettings = {
				ALWAYS_SEARCH_USER_PATHS = NO;
				CLANG_ANALYZER_NONNULL = YES;
				CLANG_ANALYZER_NUMBER_OBJECT_CONVERSION = YES_AGGRESSIVE;
				CLANG_CXX_LANGUAGE_STANDARD = "gnu++0x";
				CLANG_CXX_LIBRARY = "libc++";
				CLANG_ENABLE_MODULES = YES;
				CLANG_ENABLE_OBJC_ARC = YES;
				CLANG_WARN_BOOL_CONVERSION = YES;
				CLANG_WARN_CONSTANT_CONVERSION = YES;
				CLANG_WARN_DIRECT_OBJC_ISA_USAGE = YES_ERROR;
				CLANG_WARN_DOCUMENTATION_COMMENTS = YES;
				CLANG_WARN_EMPTY_BODY = YES;
				CLANG_WARN_ENUM_CONVERSION = YES;
				CLANG_WARN_INFINITE_RECURSION = YES;
				CLANG_WARN_INT_CONVERSION = YES;
				CLANG_WARN_OBJC_ROOT_CLASS = YES_ERROR;
				CLANG_WARN_SUSPICIOUS_MOVE = YES;
				CLANG_WARN_UNREACHABLE_CODE = YES;
				CLANG_WARN__DUPLICATE_METHOD_MATCH = YES;
				"CODE_SIGN_IDENTITY[sdk=iphoneos*]" = "iPhone Developer";
				COPY_PHASE_STRIP = NO;
				DEBUG_INFORMATION_FORMAT = dwarf;
				ENABLE_STRICT_OBJC_MSGSEND = YES;
				ENABLE_TESTABILITY = YES;
				GCC_C_LANGUAGE_STANDARD = gnu99;
				GCC_DYNAMIC_NO_PIC = NO;
				GCC_NO_COMMON_BLOCKS = YES;
				GCC_OPTIMIZATION_LEVEL = 0;
				GCC_PREPROCESSOR_DEFINITIONS = (
					"DEBUG=1",
					"$(inherited)",
				);
				GCC_WARN_64_TO_32_BIT_CONVERSION = YES;
				GCC_WARN_ABOUT_RETURN_TYPE = YES_ERROR;
				GCC_WARN_UNDECLARED_SELECTOR = YES;
				GCC_WARN_UNINITIALIZED_AUTOS = YES_AGGRESSIVE;
				GCC_WARN_UNUSED_FUNCTION = YES;
				GCC_WARN_UNUSED_VARIABLE = YES;
				IPHONEOS_DEPLOYMENT_TARGET = 10.3;
				MTL_ENABLE_DEBUG_INFO = YES;
				ONLY_ACTIVE_ARCH = YES;
				SDKROOT = iphoneos;
				SWIFT_ACTIVE_COMPILATION_CONDITIONS = DEBUG;
				SWIFT_OPTIMIZATION_LEVEL = "-Onone";
				TARGETED_DEVICE_FAMILY = "1,2";
			};
			name = Debug;
		};
		1A46C97E1E93819F0095A2CF /* Release */ = {
			isa = XCBuildConfiguration;
			buildSettings = {
				ALWAYS_SEARCH_USER_PATHS = NO;
				CLANG_ANALYZER_NONNULL = YES;
				CLANG_ANALYZER_NUMBER_OBJECT_CONVERSION = YES_AGGRESSIVE;
				CLANG_CXX_LANGUAGE_STANDARD = "gnu++0x";
				CLANG_CXX_LIBRARY = "libc++";
				CLANG_ENABLE_MODULES = YES;
				CLANG_ENABLE_OBJC_ARC = YES;
				CLANG_WARN_BOOL_CONVERSION = YES;
				CLANG_WARN_CONSTANT_CONVERSION = YES;
				CLANG_WARN_DIRECT_OBJC_ISA_USAGE = YES_ERROR;
				CLANG_WARN_DOCUMENTATION_COMMENTS = YES;
				CLANG_WARN_EMPTY_BODY = YES;
				CLANG_WARN_ENUM_CONVERSION = YES;
				CLANG_WARN_INFINITE_RECURSION = YES;
				CLANG_WARN_INT_CONVERSION = YES;
				CLANG_WARN_OBJC_ROOT_CLASS = YES_ERROR;
				CLANG_WARN_SUSPICIOUS_MOVE = YES;
				CLANG_WARN_UNREACHABLE_CODE = YES;
				CLANG_WARN__DUPLICATE_METHOD_MATCH = YES;
				"CODE_SIGN_IDENTITY[sdk=iphoneos*]" = "iPhone Developer";
				COPY_PHASE_STRIP = NO;
				DEBUG_INFORMATION_FORMAT = "dwarf-with-dsym";
				ENABLE_NS_ASSERTIONS = NO;
				ENABLE_STRICT_OBJC_MSGSEND = YES;
				GCC_C_LANGUAGE_STANDARD = gnu99;
				GCC_NO_COMMON_BLOCKS = YES;
				GCC_WARN_64_TO_32_BIT_CONVERSION = YES;
				GCC_WARN_ABOUT_RETURN_TYPE = YES_ERROR;
				GCC_WARN_UNDECLARED_SELECTOR = YES;
				GCC_WARN_UNINITIALIZED_AUTOS = YES_AGGRESSIVE;
				GCC_WARN_UNUSED_FUNCTION = YES;
				GCC_WARN_UNUSED_VARIABLE = YES;
				IPHONEOS_DEPLOYMENT_TARGET = 10.3;
				MTL_ENABLE_DEBUG_INFO = NO;
				SDKROOT = iphoneos;
				SWIFT_OPTIMIZATION_LEVEL = "-Owholemodule";
				TARGETED_DEVICE_FAMILY = "1,2";
				VALIDATE_PRODUCT = YES;
			};
			name = Release;
		};
		1A46C9801E93819F0095A2CF /* Debug */ = {
			isa = XCBuildConfiguration;
			baseConfigurationReference = 8D679FE97FFF91136D1651A8 /* Pods-BlockIslandTodayGit.debug.xcconfig */;
			buildSettings = {
				ASSETCATALOG_COMPILER_APPICON_NAME = AppIcon;
				DEVELOPMENT_TEAM = XAWKT48TVZ;
				INFOPLIST_FILE = BlockIslandTodayGit/Info.plist;
				IPHONEOS_DEPLOYMENT_TARGET = 9.0;
				LD_RUNPATH_SEARCH_PATHS = "$(inherited) @executable_path/Frameworks";
				PRODUCT_BUNDLE_IDENTIFIER = com.redpony.BlockIslandTodayGit;
				PRODUCT_NAME = "$(TARGET_NAME)";
				SWIFT_VERSION = 3.0;
			};
			name = Debug;
		};
		1A46C9811E93819F0095A2CF /* Release */ = {
			isa = XCBuildConfiguration;
			baseConfigurationReference = B0B3FD6E127B60CBDEBFBF8B /* Pods-BlockIslandTodayGit.release.xcconfig */;
			buildSettings = {
				ASSETCATALOG_COMPILER_APPICON_NAME = AppIcon;
				DEVELOPMENT_TEAM = XAWKT48TVZ;
				INFOPLIST_FILE = BlockIslandTodayGit/Info.plist;
				IPHONEOS_DEPLOYMENT_TARGET = 9.0;
				LD_RUNPATH_SEARCH_PATHS = "$(inherited) @executable_path/Frameworks";
				PRODUCT_BUNDLE_IDENTIFIER = com.redpony.BlockIslandTodayGit;
				PRODUCT_NAME = "$(TARGET_NAME)";
				SWIFT_VERSION = 3.0;
			};
			name = Release;
		};
/* End XCBuildConfiguration section */

/* Begin XCConfigurationList section */
		1A46C9681E93819F0095A2CF /* Build configuration list for PBXProject "BlockIslandTodayGit" */ = {
			isa = XCConfigurationList;
			buildConfigurations = (
				1A46C97D1E93819F0095A2CF /* Debug */,
				1A46C97E1E93819F0095A2CF /* Release */,
			);
			defaultConfigurationIsVisible = 0;
			defaultConfigurationName = Release;
		};
		1A46C97F1E93819F0095A2CF /* Build configuration list for PBXNativeTarget "BlockIslandTodayGit" */ = {
			isa = XCConfigurationList;
			buildConfigurations = (
				1A46C9801E93819F0095A2CF /* Debug */,
				1A46C9811E93819F0095A2CF /* Release */,
			);
			defaultConfigurationIsVisible = 0;
			defaultConfigurationName = Release;
		};
/* End XCConfigurationList section */
	};
	rootObject = 1A46C9651E93819F0095A2CF /* Project object */;
}
